# THIS IS AN AUTOGENERATED FILE. DO NOT EDIT THIS FILE DIRECTLY.
# yarn lockfile v1


nodemailer@^6.7.6:
  version "6.7.6"
  resolved "https://registry.yarnpkg.com/nodemailer/-/nodemailer-6.7.6.tgz#d3de8f644eaa0dad784d1be1375c596de492f3fc"
  integrity sha512-/6KF/umU7r7X21Y648/yiRLrgkfz0dmpyuo4BfgYWIpnT/jCbkPTvegMfxCsDAu+O810p2L1BGXieMTPp3nJVA==

uuid@^8.3.2:
  version "8.3.2"
  resolved "https://registry.yarnpkg.com/uuid/-/uuid-8.3.2.tgz#80d5b5ced271bb9af6c445f21a1a04c606cefbe2"
  integrity sha512-+NYs2QeMWy+GWFOEm9xnn6HCDp0l7QBD7ml8zLUmJ+93Q5NF0NocErnwkTkXVFNiX3/fpC6afS8Dhb/gz7R7eg==
